
Microsoft Visual Studio Solution File, Format Version 12.00
Project("{FAE04EC0-301F-11D3-BF4B-00C04F79EFBC}") = "ZasLauncher", "ZasLauncher\ZasLauncher.csproj", "{221278BF-9949-4130-BA99-95642E7AFDAB}"
EndProject
Project("{FAE04EC0-301F-11D3-BF4B-00C04F79EFBC}") = "ZasLauncherGUI", "ZasLauncherGUI\ZasLauncherGUI.csproj", "{A653288D-20A3-4947-A8AF-CECD7DFCA780}"
EndProject
Project("{FAE04EC0-301F-11D3-BF4B-00C04F79EFBC}") = "ZASutility.Standard", "..\Asnet.Karat\_alfa\ZASutility.Standard\ZASutility.Standard.csproj", "{A68A57FB-1DC4-4F7E-8C32-3EACB0E9ACC3}"
EndProject
Global
	GlobalSection(SolutionConfigurationPlatforms) = preSolution
		Debug|Any CPU = Debug|Any CPU
		Release|Any CPU = Release|Any CPU
	EndGlobalSection
	GlobalSection(ProjectConfigurationPlatforms) = postSolution
		{221278BF-9949-4130-BA99-95642E7AFDAB}.Debug|Any CPU.ActiveCfg = Debug|Any CPU
		{221278BF-9949-4130-BA99-95642E7AFDAB}.Debug|Any CPU.Build.0 = Debug|Any CPU
		{221278BF-9949-4130-BA99-95642E7AFDAB}.Release|Any CPU.ActiveCfg = Release|Any CPU
		{221278BF-9949-4130-BA99-95642E7AFDAB}.Release|Any CPU.Build.0 = Release|Any CPU
		{A653288D-20A3-4947-A8AF-CECD7DFCA780}.Debug|Any CPU.ActiveCfg = Debug|Any CPU
		{A653288D-20A3-4947-A8AF-CECD7DFCA780}.Debug|Any CPU.Build.0 = Debug|Any CPU
		{A653288D-20A3-4947-A8AF-CECD7DFCA780}.Release|Any CPU.ActiveCfg = Release|Any CPU
		{A653288D-20A3-4947-A8AF-CECD7DFCA780}.Release|Any CPU.Build.0 = Release|Any CPU
		{A68A57FB-1DC4-4F7E-8C32-3EACB0E9ACC3}.Debug|Any CPU.ActiveCfg = Debug|Any CPU
		{A68A57FB-1DC4-4F7E-8C32-3EACB0E9ACC3}.Debug|Any CPU.Build.0 = Debug|Any CPU
		{A68A57FB-1DC4-4F7E-8C32-3EACB0E9ACC3}.Release|Any CPU.ActiveCfg = Release|Any CPU
		{A68A57FB-1DC4-4F7E-8C32-3EACB0E9ACC3}.Release|Any CPU.Build.0 = Release|Any CPU
	EndGlobalSection
EndGlobal
